
Microsoft Visual Studio Solution File, Format Version 12.00
# Visual Studio Version 17
VisualStudioVersion = 17.4.33213.308
MinimumVisualStudioVersion = 10.0.40219.1
Project("{FAE04EC0-301F-11D3-BF4B-00C04F79EFBC}") = "Car_Maintenance", "Car_Maintenance\Car_Maintenance.csproj", "{7855CBD7-DCFA-416F-8457-419B1C8487B0}"
EndProject
Global
	GlobalSection(SolutionConfigurationPlatforms) = preSolution
		Debug|Any CPU = Debug|Any CPU
		Release|Any CPU = Release|Any CPU
	EndGlobalSection
	GlobalSection(ProjectConfigurationPlatforms) = postSolution
		{7855CBD7-DCFA-416F-8457-419B1C8487B0}.Debug|Any CPU.ActiveCfg = Debug|Any CPU
		{7855CBD7-DCFA-416F-8457-419B1C8487B0}.Debug|Any CPU.Build.0 = Debug|Any CPU
		{7855CBD7-DCFA-416F-8457-419B1C8487B0}.Release|Any CPU.ActiveCfg = Release|Any CPU
		{7855CBD7-DCFA-416F-8457-419B1C8487B0}.Release|Any CPU.Build.0 = Release|Any CPU
	EndGlobalSection
	GlobalSection(SolutionProperties) = preSolution
		HideSolutionNode = FALSE
	EndGlobalSection
	GlobalSection(ExtensibilityGlobals) = postSolution
		SolutionGuid = {0041A955-A7B3-4427-976D-4934AA7FEA28}
	EndGlobalSection
EndGlobal
